{
  "requires": true,
  "lockfileVersion": 1,
  "dependencies": {
    "animejs": {
      "version": "3.0.1",
      "resolved": "https://registry.npmjs.org/animejs/-/animejs-3.0.1.tgz",
      "integrity": "sha512-7mMoBQScvA7s4zm3EVgnuXXrtOu6TJNAhU+Ajo7HsXYH0NwbuZIcRHMO65a9NyUlmAXz4VPxlK5cENNOQbCi8g=="
    },
    "requirejs": {
      "version": "2.3.6",
      "resolved": "https://registry.npmjs.org/requirejs/-/requirejs-2.3.6.tgz",
      "integrity": "sha512-ipEzlWQe6RK3jkzikgCupiTbTvm4S0/CAU5GlgptkN5SO6F3u0UD0K18wy6ErDqiCyP4J4YYe1HuAShvsxePLg=="
    }
  }
}
